
Microsoft Visual Studio Solution File, Format Version 12.00
# Visual Studio Version 16
VisualStudioVersion = 25.0.1704.0
MinimumVisualStudioVersion = 10.0.40219.1
Project("{FAE04EC0-301F-11D3-BF4B-00C04F79EFBC}") = "CalculatorTest", "CalculatorTest.csproj", "{D1043AF5-7EED-43A3-A053-9F91CC2F5127}"
EndProject
Project("{FAE04EC0-301F-11D3-BF4B-00C04F79EFBC}") = "CalculatorLogic", "..\CalculatorLogic\CalculatorLogic.csproj", "{CF3CED8F-B434-406F-AC30-AC2AC16D6BA8}"
EndProject
Project("{FAE04EC0-301F-11D3-BF4B-00C04F79EFBC}") = "CalculatorAPI", "..\CalculatorAPI\CalculatorAPI.csproj", "{1039C66A-AC09-4DA9-B829-833C36BF091B}"
EndProject
Global
	GlobalSection(SolutionConfigurationPlatforms) = preSolution
		Debug|Any CPU = Debug|Any CPU
		Release|Any CPU = Release|Any CPU
	EndGlobalSection
	GlobalSection(ProjectConfigurationPlatforms) = postSolution
		{D1043AF5-7EED-43A3-A053-9F91CC2F5127}.Debug|Any CPU.ActiveCfg = Debug|Any CPU
		{D1043AF5-7EED-43A3-A053-9F91CC2F5127}.Debug|Any CPU.Build.0 = Debug|Any CPU
		{D1043AF5-7EED-43A3-A053-9F91CC2F5127}.Release|Any CPU.ActiveCfg = Release|Any CPU
		{D1043AF5-7EED-43A3-A053-9F91CC2F5127}.Release|Any CPU.Build.0 = Release|Any CPU
		{CF3CED8F-B434-406F-AC30-AC2AC16D6BA8}.Debug|Any CPU.ActiveCfg = Debug|Any CPU
		{CF3CED8F-B434-406F-AC30-AC2AC16D6BA8}.Debug|Any CPU.Build.0 = Debug|Any CPU
		{CF3CED8F-B434-406F-AC30-AC2AC16D6BA8}.Release|Any CPU.ActiveCfg = Release|Any CPU
		{CF3CED8F-B434-406F-AC30-AC2AC16D6BA8}.Release|Any CPU.Build.0 = Release|Any CPU
		{1039C66A-AC09-4DA9-B829-833C36BF091B}.Debug|Any CPU.ActiveCfg = Debug|Any CPU
		{1039C66A-AC09-4DA9-B829-833C36BF091B}.Debug|Any CPU.Build.0 = Debug|Any CPU
		{1039C66A-AC09-4DA9-B829-833C36BF091B}.Release|Any CPU.ActiveCfg = Release|Any CPU
		{1039C66A-AC09-4DA9-B829-833C36BF091B}.Release|Any CPU.Build.0 = Release|Any CPU
	EndGlobalSection
	GlobalSection(SolutionProperties) = preSolution
		HideSolutionNode = FALSE
	EndGlobalSection
	GlobalSection(ExtensibilityGlobals) = postSolution
		SolutionGuid = {2087B412-1801-4C68-9546-5C9F792EF65C}
	EndGlobalSection
EndGlobal
